
Microsoft Visual Studio Solution File, Format Version 12.00
# Visual Studio Version 17
VisualStudioVersion = 17.5.33414.496
MinimumVisualStudioVersion = 10.0.40219.1
Project("{FAE04EC0-301F-11D3-BF4B-00C04F79EFBC}") = "LUSID-InMemoryCache", "LUSID-InMemoryCache\LUSID-InMemoryCache.csproj", "{8EA3C8B2-42E4-407A-8FFD-C9CE38D4D501}"
EndProject
Project("{FAE04EC0-301F-11D3-BF4B-00C04F79EFBC}") = "LUSID-InMemoryCacheClient", "LUSID-InMemoryCacheClient\LUSID-InMemoryCacheClient.csproj", "{F01174AE-0FC7-475B-90E4-2EDDB37A0AB2}"
EndProject
Project("{FAE04EC0-301F-11D3-BF4B-00C04F79EFBC}") = "LUSID-InMemoryCacheTests", "LUSID-InMemoryCacheTests\LUSID-InMemoryCacheTests.csproj", "{53C140D3-E5A5-4434-AC39-323F67C8714F}"
EndProject
Global
	GlobalSection(SolutionConfigurationPlatforms) = preSolution
		Debug|Any CPU = Debug|Any CPU
		Release|Any CPU = Release|Any CPU
	EndGlobalSection
	GlobalSection(ProjectConfigurationPlatforms) = postSolution
		{8EA3C8B2-42E4-407A-8FFD-C9CE38D4D501}.Debug|Any CPU.ActiveCfg = Debug|Any CPU
		{8EA3C8B2-42E4-407A-8FFD-C9CE38D4D501}.Debug|Any CPU.Build.0 = Debug|Any CPU
		{8EA3C8B2-42E4-407A-8FFD-C9CE38D4D501}.Release|Any CPU.ActiveCfg = Release|Any CPU
		{8EA3C8B2-42E4-407A-8FFD-C9CE38D4D501}.Release|Any CPU.Build.0 = Release|Any CPU
		{F01174AE-0FC7-475B-90E4-2EDDB37A0AB2}.Debug|Any CPU.ActiveCfg = Debug|Any CPU
		{F01174AE-0FC7-475B-90E4-2EDDB37A0AB2}.Debug|Any CPU.Build.0 = Debug|Any CPU
		{F01174AE-0FC7-475B-90E4-2EDDB37A0AB2}.Release|Any CPU.ActiveCfg = Release|Any CPU
		{F01174AE-0FC7-475B-90E4-2EDDB37A0AB2}.Release|Any CPU.Build.0 = Release|Any CPU
		{53C140D3-E5A5-4434-AC39-323F67C8714F}.Debug|Any CPU.ActiveCfg = Debug|Any CPU
		{53C140D3-E5A5-4434-AC39-323F67C8714F}.Debug|Any CPU.Build.0 = Debug|Any CPU
		{53C140D3-E5A5-4434-AC39-323F67C8714F}.Release|Any CPU.ActiveCfg = Release|Any CPU
		{53C140D3-E5A5-4434-AC39-323F67C8714F}.Release|Any CPU.Build.0 = Release|Any CPU
	EndGlobalSection
	GlobalSection(SolutionProperties) = preSolution
		HideSolutionNode = FALSE
	EndGlobalSection
	GlobalSection(ExtensibilityGlobals) = postSolution
		SolutionGuid = {B296C8F3-EB19-4A4F-9457-2FF12FE347E7}
	EndGlobalSection
EndGlobal
